
Microsoft Visual Studio Solution File, Format Version 12.00
# Visual Studio Version 16
VisualStudioVersion = 16.0.31729.503
MinimumVisualStudioVersion = 10.0.40219.1
Project("{FAE04EC0-301F-11D3-BF4B-00C04F79EFBC}") = "assignment3_AnubhavSharma", "assignment3_AnubhavSharma\assignment3_AnubhavSharma.csproj", "{4ABBDD59-03F8-4147-BA5A-557736B60A16}"
EndProject
Global
	GlobalSection(SolutionConfigurationPlatforms) = preSolution
		Debug|Any CPU = Debug|Any CPU
		Release|Any CPU = Release|Any CPU
	EndGlobalSection
	GlobalSection(ProjectConfigurationPlatforms) = postSolution
		{4ABBDD59-03F8-4147-BA5A-557736B60A16}.Debug|Any CPU.ActiveCfg = Debug|Any CPU
		{4ABBDD59-03F8-4147-BA5A-557736B60A16}.Debug|Any CPU.Build.0 = Debug|Any CPU
		{4ABBDD59-03F8-4147-BA5A-557736B60A16}.Release|Any CPU.ActiveCfg = Release|Any CPU
		{4ABBDD59-03F8-4147-BA5A-557736B60A16}.Release|Any CPU.Build.0 = Release|Any CPU
	EndGlobalSection
	GlobalSection(SolutionProperties) = preSolution
		HideSolutionNode = FALSE
	EndGlobalSection
	GlobalSection(ExtensibilityGlobals) = postSolution
		SolutionGuid = {6CDF9833-E263-4E44-974E-197FC27FA993}
	EndGlobalSection
EndGlobal
